
Microsoft Visual Studio Solution File, Format Version 12.00
# Visual Studio Version 17
VisualStudioVersion = 17.4.33205.214
MinimumVisualStudioVersion = 10.0.40219.1
Project("{9A19103F-16F7-4668-BE54-9A1E7A4F7556}") = "SimpleRabbitMQ", "SimpleRabbitMQ\SimpleRabbitMQ.csproj", "{BE3A9437-EE56-4CDE-A94B-17385D607FA2}"
EndProject
Project("{9A19103F-16F7-4668-BE54-9A1E7A4F7556}") = "SimpleRabbitMQ.Validation", "SimpleRabbitMQ.Validation\SimpleRabbitMQ.Validation.csproj", "{3F10F3AB-A347-490A-A3B4-4C9516C2CA61}"
EndProject
Project("{FAE04EC0-301F-11D3-BF4B-00C04F79EFBC}") = "SimpleRabbitMQ.Test", "SimpleRabbitMQ.Test\SimpleRabbitMQ.Test.csproj", "{50F9B9BA-DA99-4DDD-860C-6B730F72588E}"
EndProject
Global
	GlobalSection(SolutionConfigurationPlatforms) = preSolution
		Debug|Any CPU = Debug|Any CPU
		Release|Any CPU = Release|Any CPU
	EndGlobalSection
	GlobalSection(ProjectConfigurationPlatforms) = postSolution
		{BE3A9437-EE56-4CDE-A94B-17385D607FA2}.Debug|Any CPU.ActiveCfg = Debug|Any CPU
		{BE3A9437-EE56-4CDE-A94B-17385D607FA2}.Debug|Any CPU.Build.0 = Debug|Any CPU
		{BE3A9437-EE56-4CDE-A94B-17385D607FA2}.Release|Any CPU.ActiveCfg = Release|Any CPU
		{BE3A9437-EE56-4CDE-A94B-17385D607FA2}.Release|Any CPU.Build.0 = Release|Any CPU
		{3F10F3AB-A347-490A-A3B4-4C9516C2CA61}.Debug|Any CPU.ActiveCfg = Debug|Any CPU
		{3F10F3AB-A347-490A-A3B4-4C9516C2CA61}.Debug|Any CPU.Build.0 = Debug|Any CPU
		{3F10F3AB-A347-490A-A3B4-4C9516C2CA61}.Release|Any CPU.ActiveCfg = Release|Any CPU
		{3F10F3AB-A347-490A-A3B4-4C9516C2CA61}.Release|Any CPU.Build.0 = Release|Any CPU
		{50F9B9BA-DA99-4DDD-860C-6B730F72588E}.Debug|Any CPU.ActiveCfg = Debug|Any CPU
		{50F9B9BA-DA99-4DDD-860C-6B730F72588E}.Debug|Any CPU.Build.0 = Debug|Any CPU
		{50F9B9BA-DA99-4DDD-860C-6B730F72588E}.Release|Any CPU.ActiveCfg = Release|Any CPU
		{50F9B9BA-DA99-4DDD-860C-6B730F72588E}.Release|Any CPU.Build.0 = Release|Any CPU
	EndGlobalSection
	GlobalSection(SolutionProperties) = preSolution
		HideSolutionNode = FALSE
	EndGlobalSection
	GlobalSection(ExtensibilityGlobals) = postSolution
		SolutionGuid = {715CDE4A-AE43-4D0D-A906-B6F62ECDBE0D}
	EndGlobalSection
EndGlobal
